// !$*UTF8*$!
{
	archiveVersion = 1;
	classes = {
	};
	objectVersion = 56;
	objects = {

/* Begin PBXBuildFile section */
		18028B322B905C960016EBC7 /* ColorHubApp.swift in Sources */ = {isa = PBXBuildFile; fileRef = 18028B312B905C960016EBC7 /* ColorHubApp.swift */; };
		18028B342B905C960016EBC7 /* ContentView.swift in Sources */ = {isa = PBXBuildFile; fileRef = 18028B332B905C960016EBC7 /* ContentView.swift */; };
		18028B382B905C970016EBC7 /* Assets.xcassets in Resources */ = {isa = PBXBuildFile; fileRef = 18028B372B905C970016EBC7 /* Assets.xcassets */; };
		18028B3B2B905C970016EBC7 /* Preview Assets.xcassets in Resources */ = {isa = PBXBuildFile; fileRef = 18028B3A2B905C970016EBC7 /* Preview Assets.xcassets */; };
		18028B432B905DC50016EBC7 /* ColorPalette.swift in Sources */ = {isa = PBXBuildFile; fileRef = 18028B422B905DC50016EBC7 /* ColorPalette.swift */; };
		18028B472B9062CA0016EBC7 /* AppContainer.swift in Sources */ = {isa = PBXBuildFile; fileRef = 18028B462B9062CA0016EBC7 /* AppContainer.swift */; };
		188BD1972B92F2BB007BA3FF /* dataset.json in Resources */ = {isa = PBXBuildFile; fileRef = 188BD1962B92F2BB007BA3FF /* dataset.json */; };
/* End PBXBuildFile section */

/* Begin PBXFileReference section */
		18028B2E2B905C960016EBC7 /* ColorHub.app */ = {isa = PBXFileReference; explicitFileType = wrapper.application; includeInIndex = 0; path = ColorHub.app; sourceTree = BUILT_PRODUCTS_DIR; };
		18028B312B905C960016EBC7 /* ColorHubApp.swift */ = {isa = PBXFileReference; lastKnownFileType = sourcecode.swift; path = ColorHubApp.swift; sourceTree = "<group>"; };
		18028B332B905C960016EBC7 /* ContentView.swift */ = {isa = PBXFileReference; lastKnownFileType = sourcecode.swift; path = ContentView.swift; sourceTree = "<group>"; };
		18028B372B905C970016EBC7 /* Assets.xcassets */ = {isa = PBXFileReference; lastKnownFileType = folder.assetcatalog; path = Assets.xcassets; sourceTree = "<group>"; };
		18028B3A2B905C970016EBC7 /* Preview Assets.xcassets */ = {isa = PBXFileReference; lastKnownFileType = folder.assetcatalog; path = "Preview Assets.xcassets"; sourceTree = "<group>"; };
		18028B422B905DC50016EBC7 /* ColorPalette.swift */ = {isa = PBXFileReference; lastKnownFileType = sourcecode.swift; path = ColorPalette.swift; sourceTree = "<group>"; };
		18028B462B9062CA0016EBC7 /* AppContainer.swift */ = {isa = PBXFileReference; lastKnownFileType = sourcecode.swift; path = AppContainer.swift; sourceTree = "<group>"; };
		188BD1962B92F2BB007BA3FF /* dataset.json */ = {isa = PBXFileReference; lastKnownFileType = text.json; path = dataset.json; sourceTree = "<group>"; };
/* End PBXFileReference section */

/* Begin PBXFrameworksBuildPhase section */
		18028B2B2B905C960016EBC7 /* Frameworks */ = {
			isa = PBXFrameworksBuildPhase;
			buildActionMask = 2147483647;
			files = (
			);
			runOnlyForDeploymentPostprocessing = 0;
		};
/* End PBXFrameworksBuildPhase section */

/* Begin PBXGroup section */
		18028B252B905C960016EBC7 = {
			isa = PBXGroup;
			children = (
				18028B302B905C960016EBC7 /* ColorHub */,
				18028B2F2B905C960016EBC7 /* Products */,
			);
			sourceTree = "<group>";
		};
		18028B2F2B905C960016EBC7 /* Products */ = {
			isa = PBXGroup;
			children = (
				18028B2E2B905C960016EBC7 /* ColorHub.app */,
			);
			name = Products;
			sourceTree = "<group>";
		};
		18028B302B905C960016EBC7 /* ColorHub */ = {
			isa = PBXGroup;
			children = (
				18028B452B9062A10016EBC7 /* Dataset */,
				18028B442B905DE00016EBC7 /* Views */,
				18028B412B905DA80016EBC7 /* Models */,
				18028B312B905C960016EBC7 /* ColorHubApp.swift */,
				18028B372B905C970016EBC7 /* Assets.xcassets */,
				18028B392B905C970016EBC7 /* Preview Content */,
			);
			path = ColorHub;
			sourceTree = "<group>";
		};
		18028B392B905C970016EBC7 /* Preview Content */ = {
			isa = PBXGroup;
			children = (
				18028B3A2B905C970016EBC7 /* Preview Assets.xcassets */,
			);
			path = "Preview Content";
			sourceTree = "<group>";
		};
		18028B412B905DA80016EBC7 /* Models */ = {
			isa = PBXGroup;
			children = (
				18028B422B905DC50016EBC7 /* ColorPalette.swift */,
			);
			path = Models;
			sourceTree = "<group>";
		};
		18028B442B905DE00016EBC7 /* Views */ = {
			isa = PBXGroup;
			children = (
				18028B332B905C960016EBC7 /* ContentView.swift */,
			);
			path = Views;
			sourceTree = "<group>";
		};
		18028B452B9062A10016EBC7 /* Dataset */ = {
			isa = PBXGroup;
			children = (
				18028B462B9062CA0016EBC7 /* AppContainer.swift */,
				188BD1962B92F2BB007BA3FF /* dataset.json */,
			);
			path = Dataset;
			sourceTree = "<group>";
		};
/* End PBXGroup section */

/* Begin PBXNativeTarget section */
		18028B2D2B905C960016EBC7 /* ColorHub */ = {
			isa = PBXNativeTarget;
			buildConfigurationList = 18028B3E2B905C970016EBC7 /* Build configuration list for PBXNativeTarget "ColorHub" */;
			buildPhases = (
				18028B2A2B905C960016EBC7 /* Sources */,
				18028B2B2B905C960016EBC7 /* Frameworks */,
				18028B2C2B905C960016EBC7 /* Resources */,
			);
			buildRules = (
			);
			dependencies = (
			);
			name = ColorHub;
			productName = ColorHub;
			productReference = 18028B2E2B905C960016EBC7 /* ColorHub.app */;
			productType = "com.apple.product-type.application";
		};
/* End PBXNativeTarget section */

/* Begin PBXProject section */
		18028B262B905C960016EBC7 /* Project object */ = {
			isa = PBXProject;
			attributes = {
				BuildIndependentTargetsInParallel = 1;
				LastSwiftUpdateCheck = 1530;
				LastUpgradeCheck = 1530;
				TargetAttributes = {
					18028B2D2B905C960016EBC7 = {
						CreatedOnToolsVersion = 15.3;
					};
				};
			};
			buildConfigurationList = 18028B292B905C960016EBC7 /* Build configuration list for PBXProject "ColorHub" */;
			compatibilityVersion = "Xcode 14.0";
			developmentRegion = en;
			hasScannedForEncodings = 0;
			knownRegions = (
				en,
				Base,
			);
			mainGroup = 18028B252B905C960016EBC7;
			productRefGroup = 18028B2F2B905C960016EBC7 /* Products */;
			projectDirPath = "";
			projectRoot = "";
			targets = (
				18028B2D2B905C960016EBC7 /* ColorHub */,
			);
		};
/* End PBXProject section */

/* Begin PBXResourcesBuildPhase section */
		18028B2C2B905C960016EBC7 /* Resources */ = {
			isa = PBXResourcesBuildPhase;
			buildActionMask = 2147483647;
			files = (
				18028B3B2B905C970016EBC7 /* Preview Assets.xcassets in Resources */,
				188BD1972B92F2BB007BA3FF /* dataset.json in Resources */,
				18028B382B905C970016EBC7 /* Assets.xcassets in Resources */,
			);
			runOnlyForDeploymentPostprocessing = 0;
		};
/* End PBXResourcesBuildPhase section */

/* Begin PBXSourcesBuildPhase section */
		18028B2A2B905C960016EBC7 /* Sources */ = {
			isa = PBXSourcesBuildPhase;
			buildActionMask = 2147483647;
			files = (
				18028B342B905C960016EBC7 /* ContentView.swift in Sources */,
				18028B472B9062CA0016EBC7 /* AppContainer.swift in Sources */,
				18028B322B905C960016EBC7 /* ColorHubApp.swift in Sources */,
				18028B432B905DC50016EBC7 /* ColorPalette.swift in Sources */,
			);
			runOnlyForDeploymentPostprocessing = 0;
		};
/* End PBXSourcesBuildPhase section */

/* Begin XCBuildConfiguration section */
		18028B3C2B905C970016EBC7 /* Debug */ = {
			isa = XCBuildConfiguration;
			buildSettings = {
				ALWAYS_SEARCH_USER_PATHS = NO;
				ASSETCATALOG_COMPILER_GENERATE_SWIFT_ASSET_SYMBOL_EXTENSIONS = YES;
				CLANG_ANALYZER_NONNULL = YES;
				CLANG_ANALYZER_NUMBER_OBJECT_CONVERSION = YES_AGGRESSIVE;
				CLANG_CXX_LANGUAGE_STANDARD = "gnu++20";
				CLANG_ENABLE_MODULES = YES;
				CLANG_ENABLE_OBJC_ARC = YES;
				CLANG_ENABLE_OBJC_WEAK = YES;
				CLANG_WARN_BLOCK_CAPTURE_AUTORELEASING = YES;
				CLANG_WARN_BOOL_CONVERSION = YES;
				CLANG_WARN_COMMA = YES;
				CLANG_WARN_CONSTANT_CONVERSION = YES;
				CLANG_WARN_DEPRECATED_OBJC_IMPLEMENTATIONS = YES;
				CLANG_WARN_DIRECT_OBJC_ISA_USAGE = YES_ERROR;
				CLANG_WARN_DOCUMENTATION_COMMENTS = YES;
				CLANG_WARN_EMPTY_BODY = YES;
				CLANG_WARN_ENUM_CONVERSION = YES;
				CLANG_WARN_INFINITE_RECURSION = YES;
				CLANG_WARN_INT_CONVERSION = YES;
				CLANG_WARN_NON_LITERAL_NULL_CONVERSION = YES;
				CLANG_WARN_OBJC_IMPLICIT_RETAIN_SELF = YES;
				CLANG_WARN_OBJC_LITERAL_CONVERSION = YES;
				CLANG_WARN_OBJC_ROOT_CLASS = YES_ERROR;
				CLANG_WARN_QUOTED_INCLUDE_IN_FRAMEWORK_HEADER = YES;
				CLANG_WARN_RANGE_LOOP_ANALYSIS = YES;
				CLANG_WARN_STRICT_PROTOTYPES = YES;
				CLANG_WARN_SUSPICIOUS_MOVE = YES;
				CLANG_WARN_UNGUARDED_AVAILABILITY = YES_AGGRESSIVE;
				CLANG_WARN_UNREACHABLE_CODE = YES;
				CLANG_WARN__DUPLICATE_METHOD_MATCH = YES;
				COPY_PHASE_STRIP = NO;
				DEBUG_INFORMATION_FORMAT = dwarf;
				ENABLE_STRICT_OBJC_MSGSEND = YES;
				ENABLE_TESTABILITY = YES;
				ENABLE_USER_SCRIPT_SANDBOXING = YES;
				GCC_C_LANGUAGE_STANDARD = gnu17;
				GCC_DYNAMIC_NO_PIC = NO;
				GCC_NO_COMMON_BLOCKS = YES;
				GCC_OPTIMIZATION_LEVEL = 0;
				GCC_PREPROCESSOR_DEFINITIONS = (
					"DEBUG=1",
					"$(inherited)",
				);
				GCC_WARN_64_TO_32_BIT_CONVERSION = YES;
				GCC_WARN_ABOUT_RETURN_TYPE = YES_ERROR;
				GCC_WARN_UNDECLARED_SELECTOR = YES;
				GCC_WARN_UNINITIALIZED_AUTOS = YES_AGGRESSIVE;
				GCC_WARN_UNUSED_FUNCTION = YES;
				GCC_WARN_UNUSED_VARIABLE = YES;
				IPHONEOS_DEPLOYMENT_TARGET = 17.4;
				LOCALIZATION_PREFERS_STRING_CATALOGS = YES;
				MTL_ENABLE_DEBUG_INFO = INCLUDE_SOURCE;
				MTL_FAST_MATH = YES;
				ONLY_ACTIVE_ARCH = YES;
				SDKROOT = iphoneos;
				SWIFT_ACTIVE_COMPILATION_CONDITIONS = "DEBUG $(inherited)";
				SWIFT_OPTIMIZATION_LEVEL = "-Onone";
			};
			name = Debug;
		};
		18028B3D2B905C970016EBC7 /* Release */ = {
			isa = XCBuildConfiguration;
			buildSettings = {
				ALWAYS_SEARCH_USER_PATHS = NO;
				ASSETCATALOG_COMPILER_GENERATE_SWIFT_ASSET_SYMBOL_EXTENSIONS = YES;
				CLANG_ANALYZER_NONNULL = YES;
				CLANG_ANALYZER_NUMBER_OBJECT_CONVERSION = YES_AGGRESSIVE;
				CLANG_CXX_LANGUAGE_STANDARD = "gnu++20";
				CLANG_ENABLE_MODULES = YES;
				CLANG_ENABLE_OBJC_ARC = YES;
				CLANG_ENABLE_OBJC_WEAK = YES;
				CLANG_WARN_BLOCK_CAPTURE_AUTORELEASING = YES;
				CLANG_WARN_BOOL_CONVERSION = YES;
				CLANG_WARN_COMMA = YES;
				CLANG_WARN_CONSTANT_CONVERSION = YES;
				CLANG_WARN_DEPRECATED_OBJC_IMPLEMENTATIONS = YES;
				CLANG_WARN_DIRECT_OBJC_ISA_USAGE = YES_ERROR;
				CLANG_WARN_DOCUMENTATION_COMMENTS = YES;
				CLANG_WARN_EMPTY_BODY = YES;
				CLANG_WARN_ENUM_CONVERSION = YES;
				CLANG_WARN_INFINITE_RECURSION = YES;
				CLANG_WARN_INT_CONVERSION = YES;
				CLANG_WARN_NON_LITERAL_NULL_CONVERSION = YES;
				CLANG_WARN_OBJC_IMPLICIT_RETAIN_SELF = YES;
				CLANG_WARN_OBJC_LITERAL_CONVERSION = YES;
				CLANG_WARN_OBJC_ROOT_CLASS = YES_ERROR;
				CLANG_WARN_QUOTED_INCLUDE_IN_FRAMEWORK_HEADER = YES;
				CLANG_WARN_RANGE_LOOP_ANALYSIS = YES;
				CLANG_WARN_STRICT_PROTOTYPES = YES;
				CLANG_WARN_SUSPICIOUS_MOVE = YES;
				CLANG_WARN_UNGUARDED_AVAILABILITY = YES_AGGRESSIVE;
				CLANG_WARN_UNREACHABLE_CODE = YES;
				CLANG_WARN__DUPLICATE_METHOD_MATCH = YES;
				COPY_PHASE_STRIP = NO;
				DEBUG_INFORMATION_FORMAT = "dwarf-with-dsym";
				ENABLE_NS_ASSERTIONS = NO;
				ENABLE_STRICT_OBJC_MSGSEND = YES;
				ENABLE_USER_SCRIPT_SANDBOXING = YES;
				GCC_C_LANGUAGE_STANDARD = gnu17;
				GCC_NO_COMMON_BLOCKS = YES;
				GCC_WARN_64_TO_32_BIT_CONVERSION = YES;
				GCC_WARN_ABOUT_RETURN_TYPE = YES_ERROR;
				GCC_WARN_UNDECLARED_SELECTOR = YES;
				GCC_WARN_UNINITIALIZED_AUTOS = YES_AGGRESSIVE;
				GCC_WARN_UNUSED_FUNCTION = YES;
				GCC_WARN_UNUSED_VARIABLE = YES;
				IPHONEOS_DEPLOYMENT_TARGET = 17.4;
				LOCALIZATION_PREFERS_STRING_CATALOGS = YES;
				MTL_ENABLE_DEBUG_INFO = NO;
				MTL_FAST_MATH = YES;
				SDKROOT = iphoneos;
				SWIFT_COMPILATION_MODE = wholemodule;
				VALIDATE_PRODUCT = YES;
			};
			name = Release;
		};
		18028B3F2B905C970016EBC7 /* Debug */ = {
			isa = XCBuildConfiguration;
			buildSettings = {
				ASSETCATALOG_COMPILER_APPICON_NAME = AppIcon;
				ASSETCATALOG_COMPILER_GLOBAL_ACCENT_COLOR_NAME = AccentColor;
				CODE_SIGN_STYLE = Automatic;
				CURRENT_PROJECT_VERSION = 1;
				DEVELOPMENT_ASSET_PATHS = "\"ColorHub/Preview Content\"";
				DEVELOPMENT_TEAM = 5XZQ8776YN;
				ENABLE_PREVIEWS = YES;
				GENERATE_INFOPLIST_FILE = YES;
				INFOPLIST_KEY_UIApplicationSceneManifest_Generation = YES;
				INFOPLIST_KEY_UIApplicationSupportsIndirectInputEvents = YES;
				INFOPLIST_KEY_UILaunchScreen_Generation = YES;
				INFOPLIST_KEY_UISupportedInterfaceOrientations_iPad = "UIInterfaceOrientationPortrait UIInterfaceOrientationPortraitUpsideDown UIInterfaceOrientationLandscapeLeft UIInterfaceOrientationLandscapeRight";
				INFOPLIST_KEY_UISupportedInterfaceOrientations_iPhone = "UIInterfaceOrientationPortrait UIInterfaceOrientationLandscapeLeft UIInterfaceOrientationLandscapeRight";
				IPHONEOS_DEPLOYMENT_TARGET = 17.3;
				LD_RUNPATH_SEARCH_PATHS = (
					"$(inherited)",
					"@executable_path/Frameworks",
				);
				MARKETING_VERSION = 1.0;
				PRODUCT_BUNDLE_IDENTIFIER = com.yankchina.ColorHub;
				PRODUCT_NAME = "$(TARGET_NAME)";
				SWIFT_EMIT_LOC_STRINGS = YES;
				SWIFT_VERSION = 5.0;
				TARGETED_DEVICE_FAMILY = "1,2";
			};
			name = Debug;
		};
		18028B402B905C970016EBC7 /* Release */ = {
			isa = XCBuildConfiguration;
			buildSettings = {
				ASSETCATALOG_COMPILER_APPICON_NAME = AppIcon;
				ASSETCATALOG_COMPILER_GLOBAL_ACCENT_COLOR_NAME = AccentColor;
				CODE_SIGN_STYLE = Automatic;
				CURRENT_PROJECT_VERSION = 1;
				DEVELOPMENT_ASSET_PATHS = "\"ColorHub/Preview Content\"";
				DEVELOPMENT_TEAM = 5XZQ8776YN;
				ENABLE_PREVIEWS = YES;
				GENERATE_INFOPLIST_FILE = YES;
				INFOPLIST_KEY_UIApplicationSceneManifest_Generation = YES;
				INFOPLIST_KEY_UIApplicationSupportsIndirectInputEvents = YES;
				INFOPLIST_KEY_UILaunchScreen_Generation = YES;
				INFOPLIST_KEY_UISupportedInterfaceOrientations_iPad = "UIInterfaceOrientationPortrait UIInterfaceOrientationPortraitUpsideDown UIInterfaceOrientationLandscapeLeft UIInterfaceOrientationLandscapeRight";
				INFOPLIST_KEY_UISupportedInterfaceOrientations_iPhone = "UIInterfaceOrientationPortrait UIInterfaceOrientationLandscapeLeft UIInterfaceOrientationLandscapeRight";
				IPHONEOS_DEPLOYMENT_TARGET = 17.3;
				LD_RUNPATH_SEARCH_PATHS = (
					"$(inherited)",
					"@executable_path/Frameworks",
				);
				MARKETING_VERSION = 1.0;
				PRODUCT_BUNDLE_IDENTIFIER = com.yankchina.ColorHub;
				PRODUCT_NAME = "$(TARGET_NAME)";
				SWIFT_EMIT_LOC_STRINGS = YES;
				SWIFT_VERSION = 5.0;
				TARGETED_DEVICE_FAMILY = "1,2";
			};
			name = Release;
		};
/* End XCBuildConfiguration section */

/* Begin XCConfigurationList section */
		18028B292B905C960016EBC7 /* Build configuration list for PBXProject "ColorHub" */ = {
			isa = XCConfigurationList;
			buildConfigurations = (
				18028B3C2B905C970016EBC7 /* Debug */,
				18028B3D2B905C970016EBC7 /* Release */,
			);
			defaultConfigurationIsVisible = 0;
			defaultConfigurationName = Release;
		};
		18028B3E2B905C970016EBC7 /* Build configuration list for PBXNativeTarget "ColorHub" */ = {
			isa = XCConfigurationList;
			buildConfigurations = (
				18028B3F2B905C970016EBC7 /* Debug */,
				18028B402B905C970016EBC7 /* Release */,
			);
			defaultConfigurationIsVisible = 0;
			defaultConfigurationName = Release;
		};
/* End XCConfigurationList section */
	};
	rootObject = 18028B262B905C960016EBC7 /* Project object */;
}
